
Microsoft Visual Studio Solution File, Format Version 12.00
# Visual Studio 15
VisualStudioVersion = 15.0.26228.4
MinimumVisualStudioVersion = 10.0.40219.1
Project("{FAE04EC0-301F-11D3-BF4B-00C04F79EFBC}") = "TechShop.Web", "TechShop.Web\TechShop.Web.csproj", "{F5A019E7-BF96-4871-A4A6-EAA9021DC01C}"
EndProject
Project("{FAE04EC0-301F-11D3-BF4B-00C04F79EFBC}") = "TechShop.Data", "TechShop.Data\TechShop.Data.csproj", "{82CDCC0F-369A-49A8-B311-A7FEF4079E32}"
EndProject
Project("{FAE04EC0-301F-11D3-BF4B-00C04F79EFBC}") = "TechShop.Services", "TechShop.Services\TechShop.Services.csproj", "{A8F4912C-46F1-44B0-B1CA-9B451EFE48AA}"
EndProject
Project("{FAE04EC0-301F-11D3-BF4B-00C04F79EFBC}") = "TechShop.Models", "TechShop.Models\TechShop.Models.csproj", "{20C6E643-C44F-4028-B3B2-0A384F592F37}"
EndProject
Global
	GlobalSection(SolutionConfigurationPlatforms) = preSolution
		Debug|Any CPU = Debug|Any CPU
		Release|Any CPU = Release|Any CPU
	EndGlobalSection
	GlobalSection(ProjectConfigurationPlatforms) = postSolution
		{F5A019E7-BF96-4871-A4A6-EAA9021DC01C}.Debug|Any CPU.ActiveCfg = Debug|Any CPU
		{F5A019E7-BF96-4871-A4A6-EAA9021DC01C}.Debug|Any CPU.Build.0 = Debug|Any CPU
		{F5A019E7-BF96-4871-A4A6-EAA9021DC01C}.Release|Any CPU.ActiveCfg = Release|Any CPU
		{F5A019E7-BF96-4871-A4A6-EAA9021DC01C}.Release|Any CPU.Build.0 = Release|Any CPU
		{82CDCC0F-369A-49A8-B311-A7FEF4079E32}.Debug|Any CPU.ActiveCfg = Debug|Any CPU
		{82CDCC0F-369A-49A8-B311-A7FEF4079E32}.Debug|Any CPU.Build.0 = Debug|Any CPU
		{82CDCC0F-369A-49A8-B311-A7FEF4079E32}.Release|Any CPU.ActiveCfg = Release|Any CPU
		{82CDCC0F-369A-49A8-B311-A7FEF4079E32}.Release|Any CPU.Build.0 = Release|Any CPU
		{A8F4912C-46F1-44B0-B1CA-9B451EFE48AA}.Debug|Any CPU.ActiveCfg = Debug|Any CPU
		{A8F4912C-46F1-44B0-B1CA-9B451EFE48AA}.Debug|Any CPU.Build.0 = Debug|Any CPU
		{A8F4912C-46F1-44B0-B1CA-9B451EFE48AA}.Release|Any CPU.ActiveCfg = Release|Any CPU
		{A8F4912C-46F1-44B0-B1CA-9B451EFE48AA}.Release|Any CPU.Build.0 = Release|Any CPU
		{20C6E643-C44F-4028-B3B2-0A384F592F37}.Debug|Any CPU.ActiveCfg = Debug|Any CPU
		{20C6E643-C44F-4028-B3B2-0A384F592F37}.Debug|Any CPU.Build.0 = Debug|Any CPU
		{20C6E643-C44F-4028-B3B2-0A384F592F37}.Release|Any CPU.ActiveCfg = Release|Any CPU
		{20C6E643-C44F-4028-B3B2-0A384F592F37}.Release|Any CPU.Build.0 = Release|Any CPU
	EndGlobalSection
	GlobalSection(SolutionProperties) = preSolution
		HideSolutionNode = FALSE
	EndGlobalSection
EndGlobal
